// !$*UTF8*$!
{
	archiveVersion = 1;
	classes = {
	};
	objectVersion = 50;
	objects = {

/* Begin PBXBuildFile section */
		1305FAD52282C7820056FEA3 /* AppDelegate.m in Sources */ = {isa = PBXBuildFile; fileRef = 1305FAD42282C7820056FEA3 /* AppDelegate.m */; };
		1305FAD82282C7820056FEA3 /* ViewController.m in Sources */ = {isa = PBXBuildFile; fileRef = 1305FAD72282C7820056FEA3 /* ViewController.m */; };
		1305FADB2282C7820056FEA3 /* Main.storyboard in Resources */ = {isa = PBXBuildFile; fileRef = 1305FAD92282C7820056FEA3 /* Main.storyboard */; };
		1305FADD2282C7840056FEA3 /* Assets.xcassets in Resources */ = {isa = PBXBuildFile; fileRef = 1305FADC2282C7840056FEA3 /* Assets.xcassets */; };
		1305FAE02282C7840056FEA3 /* LaunchScreen.storyboard in Resources */ = {isa = PBXBuildFile; fileRef = 1305FADE2282C7840056FEA3 /* LaunchScreen.storyboard */; };
		1305FAE32282C7840056FEA3 /* main.m in Sources */ = {isa = PBXBuildFile; fileRef = 1305FAE22282C7840056FEA3 /* main.m */; };
		1305FAEB2282CE0F0056FEA3 /* MyObject.m in Sources */ = {isa = PBXBuildFile; fileRef = 1305FAEA2282CE0F0056FEA3 /* MyObject.m */; };
/* End PBXBuildFile section */

/* Begin PBXFileReference section */
		1305FAD02282C7820056FEA3 /* asynGCD.app */ = {isa = PBXFileReference; explicitFileType = wrapper.application; includeInIndex = 0; path = asynGCD.app; sourceTree = BUILT_PRODUCTS_DIR; };
		1305FAD32282C7820056FEA3 /* AppDelegate.h */ = {isa = PBXFileReference; lastKnownFileType = sourcecode.c.h; path = AppDelegate.h; sourceTree = "<group>"; };
		1305FAD42282C7820056FEA3 /* AppDelegate.m */ = {isa = PBXFileReference; lastKnownFileType = sourcecode.c.objc; path = AppDelegate.m; sourceTree = "<group>"; };
		1305FAD62282C7820056FEA3 /* ViewController.h */ = {isa = PBXFileReference; lastKnownFileType = sourcecode.c.h; path = ViewController.h; sourceTree = "<group>"; };
		1305FAD72282C7820056FEA3 /* ViewController.m */ = {isa = PBXFileReference; lastKnownFileType = sourcecode.c.objc; path = ViewController.m; sourceTree = "<group>"; };
		1305FADA2282C7820056FEA3 /* Base */ = {isa = PBXFileReference; lastKnownFileType = file.storyboard; name = Base; path = Base.lproj/Main.storyboard; sourceTree = "<group>"; };
		1305FADC2282C7840056FEA3 /* Assets.xcassets */ = {isa = PBXFileReference; lastKnownFileType = folder.assetcatalog; path = Assets.xcassets; sourceTree = "<group>"; };
		1305FADF2282C7840056FEA3 /* Base */ = {isa = PBXFileReference; lastKnownFileType = file.storyboard; name = Base; path = Base.lproj/LaunchScreen.storyboard; sourceTree = "<group>"; };
		1305FAE12282C7840056FEA3 /* Info.plist */ = {isa = PBXFileReference; lastKnownFileType = text.plist.xml; path = Info.plist; sourceTree = "<group>"; };
		1305FAE22282C7840056FEA3 /* main.m */ = {isa = PBXFileReference; lastKnownFileType = sourcecode.c.objc; path = main.m; sourceTree = "<group>"; };
		1305FAE92282CE0F0056FEA3 /* MyObject.h */ = {isa = PBXFileReference; lastKnownFileType = sourcecode.c.h; path = MyObject.h; sourceTree = "<group>"; };
		1305FAEA2282CE0F0056FEA3 /* MyObject.m */ = {isa = PBXFileReference; lastKnownFileType = sourcecode.c.objc; path = MyObject.m; sourceTree = "<group>"; };
/* End PBXFileReference section */

/* Begin PBXFrameworksBuildPhase section */
		1305FACD2282C7820056FEA3 /* Frameworks */ = {
			isa = PBXFrameworksBuildPhase;
			buildActionMask = 2147483647;
			files = (
			);
			runOnlyForDeploymentPostprocessing = 0;
		};
/* End PBXFrameworksBuildPhase section */

/* Begin PBXGroup section */
		1305FAC72282C7820056FEA3 = {
			isa = PBXGroup;
			children = (
				1305FAD22282C7820056FEA3 /* asynGCD */,
				1305FAD12282C7820056FEA3 /* Products */,
			);
			sourceTree = "<group>";
		};
		1305FAD12282C7820056FEA3 /* Products */ = {
			isa = PBXGroup;
			children = (
				1305FAD02282C7820056FEA3 /* asynGCD.app */,
			);
			name = Products;
			sourceTree = "<group>";
		};
		1305FAD22282C7820056FEA3 /* asynGCD */ = {
			isa = PBXGroup;
			children = (
				1305FAD32282C7820056FEA3 /* AppDelegate.h */,
				1305FAD42282C7820056FEA3 /* AppDelegate.m */,
				1305FAD62282C7820056FEA3 /* ViewController.h */,
				1305FAD72282C7820056FEA3 /* ViewController.m */,
				1305FAE92282CE0F0056FEA3 /* MyObject.h */,
				1305FAEA2282CE0F0056FEA3 /* MyObject.m */,
				1305FAD92282C7820056FEA3 /* Main.storyboard */,
				1305FADC2282C7840056FEA3 /* Assets.xcassets */,
				1305FADE2282C7840056FEA3 /* LaunchScreen.storyboard */,
				1305FAE12282C7840056FEA3 /* Info.plist */,
				1305FAE22282C7840056FEA3 /* main.m */,
			);
			path = asynGCD;
			sourceTree = "<group>";
		};
/* End PBXGroup section */

/* Begin PBXNativeTarget section */
		1305FACF2282C7820056FEA3 /* asynGCD */ = {
			isa = PBXNativeTarget;
			buildConfigurationList = 1305FAE62282C7840056FEA3 /* Build configuration list for PBXNativeTarget "asynGCD" */;
			buildPhases = (
				1305FACC2282C7820056FEA3 /* Sources */,
				1305FACD2282C7820056FEA3 /* Frameworks */,
				1305FACE2282C7820056FEA3 /* Resources */,
			);
			buildRules = (
			);
			dependencies = (
			);
			name = asynGCD;
			productName = asynGCD;
			productReference = 1305FAD02282C7820056FEA3 /* asynGCD.app */;
			productType = "com.apple.product-type.application";
		};
/* End PBXNativeTarget section */

/* Begin PBXProject section */
		1305FAC82282C7820056FEA3 /* Project object */ = {
			isa = PBXProject;
			attributes = {
				LastUpgradeCheck = 1020;
				ORGANIZATIONNAME = YZK;
				TargetAttributes = {
					1305FACF2282C7820056FEA3 = {
						CreatedOnToolsVersion = 10.2.1;
					};
				};
			};
			buildConfigurationList = 1305FACB2282C7820056FEA3 /* Build configuration list for PBXProject "asynGCD" */;
			compatibilityVersion = "Xcode 9.3";
			developmentRegion = en;
			hasScannedForEncodings = 0;
			knownRegions = (
				en,
				Base,
			);
			mainGroup = 1305FAC72282C7820056FEA3;
			productRefGroup = 1305FAD12282C7820056FEA3 /* Products */;
			projectDirPath = "";
			projectRoot = "";
			targets = (
				1305FACF2282C7820056FEA3 /* asynGCD */,
			);
		};
/* End PBXProject section */

/* Begin PBXResourcesBuildPhase section */
		1305FACE2282C7820056FEA3 /* Resources */ = {
			isa = PBXResourcesBuildPhase;
			buildActionMask = 2147483647;
			files = (
				1305FAE02282C7840056FEA3 /* LaunchScreen.storyboard in Resources */,
				1305FADD2282C7840056FEA3 /* Assets.xcassets in Resources */,
				1305FADB2282C7820056FEA3 /* Main.storyboard in Resources */,
			);
			runOnlyForDeploymentPostprocessing = 0;
		};
/* End PBXResourcesBuildPhase section */

/* Begin PBXSourcesBuildPhase section */
		1305FACC2282C7820056FEA3 /* Sources */ = {
			isa = PBXSourcesBuildPhase;
			buildActionMask = 2147483647;
			files = (
				1305FAD82282C7820056FEA3 /* ViewController.m in Sources */,
				1305FAE32282C7840056FEA3 /* main.m in Sources */,
				1305FAEB2282CE0F0056FEA3 /* MyObject.m in Sources */,
				1305FAD52282C7820056FEA3 /* AppDelegate.m in Sources */,
			);
			runOnlyForDeploymentPostprocessing = 0;
		};
/* End PBXSourcesBuildPhase section */

/* Begin PBXVariantGroup section */
		1305FAD92282C7820056FEA3 /* Main.storyboard */ = {
			isa = PBXVariantGroup;
			children = (
				1305FADA2282C7820056FEA3 /* Base */,
			);
			name = Main.storyboard;
			sourceTree = "<group>";
		};
		1305FADE2282C7840056FEA3 /* LaunchScreen.storyboard */ = {
			isa = PBXVariantGroup;
			children = (
				1305FADF2282C7840056FEA3 /* Base */,
			);
			name = LaunchScreen.storyboard;
			sourceTree = "<group>";
		};
/* End PBXVariantGroup section */

/* Begin XCBuildConfiguration section */
		1305FAE42282C7840056FEA3 /* Debug */ = {
			isa = XCBuildConfiguration;
			buildSettings = {
				ALWAYS_SEARCH_USER_PATHS = NO;
				CLANG_ANALYZER_NONNULL = YES;
				CLANG_ANALYZER_NUMBER_OBJECT_CONVERSION = YES_AGGRESSIVE;
				CLANG_CXX_LANGUAGE_STANDARD = "gnu++14";
				CLANG_CXX_LIBRARY = "libc++";
				CLANG_ENABLE_MODULES = YES;
				CLANG_ENABLE_OBJC_ARC = YES;
				CLANG_ENABLE_OBJC_WEAK = YES;
				CLANG_WARN_BLOCK_CAPTURE_AUTORELEASING = YES;
				CLANG_WARN_BOOL_CONVERSION = YES;
				CLANG_WARN_COMMA = YES;
				CLANG_WARN_CONSTANT_CONVERSION = YES;
				CLANG_WARN_DEPRECATED_OBJC_IMPLEMENTATIONS = YES;
				CLANG_WARN_DIRECT_OBJC_ISA_USAGE = YES_ERROR;
				CLANG_WARN_DOCUMENTATION_COMMENTS = YES;
				CLANG_WARN_EMPTY_BODY = YES;
				CLANG_WARN_ENUM_CONVERSION = YES;
				CLANG_WARN_INFINITE_RECURSION = YES;
				CLANG_WARN_INT_CONVERSION = YES;
				CLANG_WARN_NON_LITERAL_NULL_CONVERSION = YES;
				CLANG_WARN_OBJC_IMPLICIT_RETAIN_SELF = YES;
				CLANG_WARN_OBJC_LITERAL_CONVERSION = YES;
				CLANG_WARN_OBJC_ROOT_CLASS = YES_ERROR;
				CLANG_WARN_RANGE_LOOP_ANALYSIS = YES;
				CLANG_WARN_STRICT_PROTOTYPES = YES;
				CLANG_WARN_SUSPICIOUS_MOVE = YES;
				CLANG_WARN_UNGUARDED_AVAILABILITY = YES_AGGRESSIVE;
				CLANG_WARN_UNREACHABLE_CODE = YES;
				CLANG_WARN__DUPLICATE_METHOD_MATCH = YES;
				CODE_SIGN_IDENTITY = "iPhone Developer";
				COPY_PHASE_STRIP = NO;
				DEBUG_INFORMATION_FORMAT = dwarf;
				ENABLE_STRICT_OBJC_MSGSEND = YES;
				ENABLE_TESTABILITY = YES;
				GCC_C_LANGUAGE_STANDARD = gnu11;
				GCC_DYNAMIC_NO_PIC = NO;
				GCC_NO_COMMON_BLOCKS = YES;
				GCC_OPTIMIZATION_LEVEL = 0;
				GCC_PREPROCESSOR_DEFINITIONS = (
					"DEBUG=1",
					"$(inherited)",
				);
				GCC_WARN_64_TO_32_BIT_CONVERSION = YES;
				GCC_WARN_ABOUT_RETURN_TYPE = YES_ERROR;
				GCC_WARN_UNDECLARED_SELECTOR = YES;
				GCC_WARN_UNINITIALIZED_AUTOS = YES_AGGRESSIVE;
				GCC_WARN_UNUSED_FUNCTION = YES;
				GCC_WARN_UNUSED_VARIABLE = YES;
				IPHONEOS_DEPLOYMENT_TARGET = 12.2;
				MTL_ENABLE_DEBUG_INFO = INCLUDE_SOURCE;
				MTL_FAST_MATH = YES;
				ONLY_ACTIVE_ARCH = YES;
				SDKROOT = iphoneos;
			};
			name = Debug;
		};
		1305FAE52282C7840056FEA3 /* Release */ = {
			isa = XCBuildConfiguration;
			buildSettings = {
				ALWAYS_SEARCH_USER_PATHS = NO;
				CLANG_ANALYZER_NONNULL = YES;
				CLANG_ANALYZER_NUMBER_OBJECT_CONVERSION = YES_AGGRESSIVE;
				CLANG_CXX_LANGUAGE_STANDARD = "gnu++14";
				CLANG_CXX_LIBRARY = "libc++";
				CLANG_ENABLE_MODULES = YES;
				CLANG_ENABLE_OBJC_ARC = YES;
				CLANG_ENABLE_OBJC_WEAK = YES;
				CLANG_WARN_BLOCK_CAPTURE_AUTORELEASING = YES;
				CLANG_WARN_BOOL_CONVERSION = YES;
				CLANG_WARN_COMMA = YES;
				CLANG_WARN_CONSTANT_CONVERSION = YES;
				CLANG_WARN_DEPRECATED_OBJC_IMPLEMENTATIONS = YES;
				CLANG_WARN_DIRECT_OBJC_ISA_USAGE = YES_ERROR;
				CLANG_WARN_DOCUMENTATION_COMMENTS = YES;
				CLANG_WARN_EMPTY_BODY = YES;
				CLANG_WARN_ENUM_CONVERSION = YES;
				CLANG_WARN_INFINITE_RECURSION = YES;
				CLANG_WARN_INT_CONVERSION = YES;
				CLANG_WARN_NON_LITERAL_NULL_CONVERSION = YES;
				CLANG_WARN_OBJC_IMPLICIT_RETAIN_SELF = YES;
				CLANG_WARN_OBJC_LITERAL_CONVERSION = YES;
				CLANG_WARN_OBJC_ROOT_CLASS = YES_ERROR;
				CLANG_WARN_RANGE_LOOP_ANALYSIS = YES;
				CLANG_WARN_STRICT_PROTOTYPES = YES;
				CLANG_WARN_SUSPICIOUS_MOVE = YES;
				CLANG_WARN_UNGUARDED_AVAILABILITY = YES_AGGRESSIVE;
				CLANG_WARN_UNREACHABLE_CODE = YES;
				CLANG_WARN__DUPLICATE_METHOD_MATCH = YES;
				CODE_SIGN_IDENTITY = "iPhone Developer";
				COPY_PHASE_STRIP = NO;
				DEBUG_INFORMATION_FORMAT = "dwarf-with-dsym";
				ENABLE_NS_ASSERTIONS = NO;
				ENABLE_STRICT_OBJC_MSGSEND = YES;
				GCC_C_LANGUAGE_STANDARD = gnu11;
				GCC_NO_COMMON_BLOCKS = YES;
				GCC_WARN_64_TO_32_BIT_CONVERSION = YES;
				GCC_WARN_ABOUT_RETURN_TYPE = YES_ERROR;
				GCC_WARN_UNDECLARED_SELECTOR = YES;
				GCC_WARN_UNINITIALIZED_AUTOS = YES_AGGRESSIVE;
				GCC_WARN_UNUSED_FUNCTION = YES;
				GCC_WARN_UNUSED_VARIABLE = YES;
				IPHONEOS_DEPLOYMENT_TARGET = 12.2;
				MTL_ENABLE_DEBUG_INFO = NO;
				MTL_FAST_MATH = YES;
				SDKROOT = iphoneos;
				VALIDATE_PRODUCT = YES;
			};
			name = Release;
		};
		1305FAE72282C7840056FEA3 /* Debug */ = {
			isa = XCBuildConfiguration;
			buildSettings = {
				ASSETCATALOG_COMPILER_APPICON_NAME = AppIcon;
				CODE_SIGN_STYLE = Automatic;
				INFOPLIST_FILE = asynGCD/Info.plist;
				LD_RUNPATH_SEARCH_PATHS = (
					"$(inherited)",
					"@executable_path/Frameworks",
				);
				PRODUCT_BUNDLE_IDENTIFIER = com.yzk.asynGCD;
				PRODUCT_NAME = "$(TARGET_NAME)";
				TARGETED_DEVICE_FAMILY = "1,2";
			};
			name = Debug;
		};
		1305FAE82282C7840056FEA3 /* Release */ = {
			isa = XCBuildConfiguration;
			buildSettings = {
				ASSETCATALOG_COMPILER_APPICON_NAME = AppIcon;
				CODE_SIGN_STYLE = Automatic;
				INFOPLIST_FILE = asynGCD/Info.plist;
				LD_RUNPATH_SEARCH_PATHS = (
					"$(inherited)",
					"@executable_path/Frameworks",
				);
				PRODUCT_BUNDLE_IDENTIFIER = com.yzk.asynGCD;
				PRODUCT_NAME = "$(TARGET_NAME)";
				TARGETED_DEVICE_FAMILY = "1,2";
			};
			name = Release;
		};
/* End XCBuildConfiguration section */

/* Begin XCConfigurationList section */
		1305FACB2282C7820056FEA3 /* Build configuration list for PBXProject "asynGCD" */ = {
			isa = XCConfigurationList;
			buildConfigurations = (
				1305FAE42282C7840056FEA3 /* Debug */,
				1305FAE52282C7840056FEA3 /* Release */,
			);
			defaultConfigurationIsVisible = 0;
			defaultConfigurationName = Release;
		};
		1305FAE62282C7840056FEA3 /* Build configuration list for PBXNativeTarget "asynGCD" */ = {
			isa = XCConfigurationList;
			buildConfigurations = (
				1305FAE72282C7840056FEA3 /* Debug */,
				1305FAE82282C7840056FEA3 /* Release */,
			);
			defaultConfigurationIsVisible = 0;
			defaultConfigurationName = Release;
		};
/* End XCConfigurationList section */
	};
	rootObject = 1305FAC82282C7820056FEA3 /* Project object */;
}
